
Microsoft Visual Studio Solution File, Format Version 12.00
# Visual Studio Version 17
VisualStudioVersion = 17.11.35222.181
MinimumVisualStudioVersion = 10.0.40219.1
Project("{2150E333-8FDC-42A3-9474-1A3956D46DE8}") = "Task0", "Task0", "{5CA6CA69-34EF-4E8C-86CF-782ADD6C96E7}"
EndProject
Project("{FAE04EC0-301F-11D3-BF4B-00C04F79EFBC}") = "Tyuiu.DolganovAA.Sprint4.Task0.V27.Lib", "Tyuiu.DolganovAA.Sprint4.Task0.V27.Lib\Tyuiu.DolganovAA.Sprint4.Task0.V27.Lib.csproj", "{0A1CE560-44C4-40A0-8275-35DC5A3D51AE}"
EndProject
Project("{FAE04EC0-301F-11D3-BF4B-00C04F79EFBC}") = "Tyuiu.DolganovAA.Sprint4.Task0.V27.Test", "Tyuiu.DolganovAA.Sprint4.Task0.V27.Test\Tyuiu.DolganovAA.Sprint4.Task0.V27.Test.csproj", "{C7E4C5F2-087F-4269-ACC2-F28682076A8F}"
EndProject
Project("{FAE04EC0-301F-11D3-BF4B-00C04F79EFBC}") = "Tyuiu.DolganovAA.Sprint4.Task0.V27", "Tyuiu.DolganovAA.Sprint4.Task0.V27\Tyuiu.DolganovAA.Sprint4.Task0.V27.csproj", "{554D7C57-277A-4A58-8DAA-7F4D71B4B86C}"
EndProject
Global
	GlobalSection(SolutionConfigurationPlatforms) = preSolution
		Debug|Any CPU = Debug|Any CPU
		Release|Any CPU = Release|Any CPU
	EndGlobalSection
	GlobalSection(ProjectConfigurationPlatforms) = postSolution
		{0A1CE560-44C4-40A0-8275-35DC5A3D51AE}.Debug|Any CPU.ActiveCfg = Debug|Any CPU
		{0A1CE560-44C4-40A0-8275-35DC5A3D51AE}.Debug|Any CPU.Build.0 = Debug|Any CPU
		{0A1CE560-44C4-40A0-8275-35DC5A3D51AE}.Release|Any CPU.ActiveCfg = Release|Any CPU
		{0A1CE560-44C4-40A0-8275-35DC5A3D51AE}.Release|Any CPU.Build.0 = Release|Any CPU
		{C7E4C5F2-087F-4269-ACC2-F28682076A8F}.Debug|Any CPU.ActiveCfg = Debug|Any CPU
		{C7E4C5F2-087F-4269-ACC2-F28682076A8F}.Debug|Any CPU.Build.0 = Debug|Any CPU
		{C7E4C5F2-087F-4269-ACC2-F28682076A8F}.Release|Any CPU.ActiveCfg = Release|Any CPU
		{C7E4C5F2-087F-4269-ACC2-F28682076A8F}.Release|Any CPU.Build.0 = Release|Any CPU
		{554D7C57-277A-4A58-8DAA-7F4D71B4B86C}.Debug|Any CPU.ActiveCfg = Debug|Any CPU
		{554D7C57-277A-4A58-8DAA-7F4D71B4B86C}.Debug|Any CPU.Build.0 = Debug|Any CPU
		{554D7C57-277A-4A58-8DAA-7F4D71B4B86C}.Release|Any CPU.ActiveCfg = Release|Any CPU
		{554D7C57-277A-4A58-8DAA-7F4D71B4B86C}.Release|Any CPU.Build.0 = Release|Any CPU
	EndGlobalSection
	GlobalSection(SolutionProperties) = preSolution
		HideSolutionNode = FALSE
	EndGlobalSection
	GlobalSection(NestedProjects) = preSolution
		{0A1CE560-44C4-40A0-8275-35DC5A3D51AE} = {5CA6CA69-34EF-4E8C-86CF-782ADD6C96E7}
		{C7E4C5F2-087F-4269-ACC2-F28682076A8F} = {5CA6CA69-34EF-4E8C-86CF-782ADD6C96E7}
		{554D7C57-277A-4A58-8DAA-7F4D71B4B86C} = {5CA6CA69-34EF-4E8C-86CF-782ADD6C96E7}
	EndGlobalSection
	GlobalSection(ExtensibilityGlobals) = postSolution
		SolutionGuid = {F9503CE3-BD4D-4DE7-A373-675738C973C8}
	EndGlobalSection
EndGlobal
