
Microsoft Visual Studio Solution File, Format Version 12.00
# Visual Studio Version 17
VisualStudioVersion = 17.11.35222.181
MinimumVisualStudioVersion = 10.0.40219.1
Project("{2150E333-8FDC-42A3-9474-1A3956D46DE8}") = "Task0", "Task0", "{5CA6CA69-34EF-4E8C-86CF-782ADD6C96E7}"
EndProject
Project("{9A19103F-16F7-4668-BE54-9A1E7A4F7556}") = "Tyuiu.DolganovAA.Sprint4.Task0.V27.Lib", "Tyuiu.DolganovAA.Sprint4.Task0.V27.Lib\Tyuiu.DolganovAA.Sprint4.Task0.V27.Lib.csproj", "{0A1CE560-44C4-40A0-8275-35DC5A3D51AE}"
EndProject
Project("{9A19103F-16F7-4668-BE54-9A1E7A4F7556}") = "Tyuiu.DolganovAA.Sprint4.Task0.V27.Test", "Tyuiu.DolganovAA.Sprint4.Task0.V27.Test\Tyuiu.DolganovAA.Sprint4.Task0.V27.Test.csproj", "{C7E4C5F2-087F-4269-ACC2-F28682076A8F}"
EndProject
Project("{9A19103F-16F7-4668-BE54-9A1E7A4F7556}") = "Tyuiu.DolganovAA.Sprint4.Task0.V27", "Tyuiu.DolganovAA.Sprint4.Task0.V27\Tyuiu.DolganovAA.Sprint4.Task0.V27.csproj", "{554D7C57-277A-4A58-8DAA-7F4D71B4B86C}"
EndProject
Project("{2150E333-8FDC-42A3-9474-1A3956D46DE8}") = "Task1", "Task1", "{761E855C-8EB7-49B2-B01F-41195CAA7896}"
EndProject
Project("{9A19103F-16F7-4668-BE54-9A1E7A4F7556}") = "Tyuiu.DolganovAA.Sprint4.Task1.V7.Lib", "Tyuiu.DolganovAA.Sprint4.Task1.V7.Lib\Tyuiu.DolganovAA.Sprint4.Task1.V7.Lib.csproj", "{E34DED76-D6FA-48E1-8EA6-16B15F051852}"
EndProject
Project("{9A19103F-16F7-4668-BE54-9A1E7A4F7556}") = "Tyuiu.DolganovAA.Sprint4.Task1.V7", "Tyuiu.DolganovAA.Sprint4.Task1.V7\Tyuiu.DolganovAA.Sprint4.Task1.V7.csproj", "{C07F96D1-9920-4109-B5AA-0D1DBF879145}"
EndProject
Project("{9A19103F-16F7-4668-BE54-9A1E7A4F7556}") = "Tyuiu.DolganovAA.Sprint4.Task1.V7.Test", "Tyuiu.DolganovAA.Sprint4.Task1.V7.Test\Tyuiu.DolganovAA.Sprint4.Task1.V7.Test.csproj", "{2D25A603-8A71-4560-B1DE-69D5E919730D}"
EndProject
Project("{2150E333-8FDC-42A3-9474-1A3956D46DE8}") = "Task2", "Task2", "{664CF58D-A29B-4FF4-A3C9-DDF3B63C6C1F}"
EndProject
Project("{FAE04EC0-301F-11D3-BF4B-00C04F79EFBC}") = "Tyuiu.DolganovAA.Sprint4.Task2.V25.Test", "Tyuiu.DolganovAA.Sprint4.Task2.V25.Test\Tyuiu.DolganovAA.Sprint4.Task2.V25.Test.csproj", "{BD498252-E57D-4707-932A-854649E441A3}"
EndProject
Project("{FAE04EC0-301F-11D3-BF4B-00C04F79EFBC}") = "Tyuiu.DolganovAA.Sprint4.Task2.V25", "Tyuiu.DolganovAA.Sprint4.Task2.V25\Tyuiu.DolganovAA.Sprint4.Task2.V25.csproj", "{89D6999C-4FC9-435C-8EB0-0A8E3BAB4349}"
EndProject
Project("{FAE04EC0-301F-11D3-BF4B-00C04F79EFBC}") = "Tyuiu.DolganovAA.Sprint4.Task2.V25.Lib", "Tyuiu.DolganovAA.Sprint4.Task2.V25.Lib\Tyuiu.DolganovAA.Sprint4.Task2.V25.Lib.csproj", "{38876C8A-7953-4678-BFAF-AA83E25E4B44}"
EndProject
Project("{2150E333-8FDC-42A3-9474-1A3956D46DE8}") = "Task3", "Task3", "{C9E00383-BD95-4F00-A137-5900FD5C28AC}"
EndProject
Project("{FAE04EC0-301F-11D3-BF4B-00C04F79EFBC}") = "Tyuiu.DolganovAA.Sprint4.Task3.V6.Lib", "Tyuiu.DolganovAA.Sprint4.Task3.V6.Lib\Tyuiu.DolganovAA.Sprint4.Task3.V6.Lib.csproj", "{BE028209-9E74-497E-8D98-D93060FA330B}"
EndProject
Project("{FAE04EC0-301F-11D3-BF4B-00C04F79EFBC}") = "Tyuiu.DolganovAA.Sprint4.Task3.V6", "Tyuiu.DolganovAA.Sprint4.Task3.V6\Tyuiu.DolganovAA.Sprint4.Task3.V6.csproj", "{DB8648D3-DC00-430C-8030-AFE1F2AD416E}"
EndProject
Project("{FAE04EC0-301F-11D3-BF4B-00C04F79EFBC}") = "Tyuiu.DolganovAA.Sprint4.Task3.V6.Test", "Tyuiu.DolganovAA.Sprint4.Task3.V6.Test\Tyuiu.DolganovAA.Sprint4.Task3.V6.Test.csproj", "{ADB01507-60C8-4B7D-BBE7-51FD4CE74F46}"
EndProject
Project("{2150E333-8FDC-42A3-9474-1A3956D46DE8}") = "Task4", "Task4", "{CCBE528E-ED84-4E77-8B2C-EDEE555F04DC}"
EndProject
Project("{FAE04EC0-301F-11D3-BF4B-00C04F79EFBC}") = "Tyuiu.DolganovAA.Sprint4.Task4.V6.Test", "Tyuiu.DolganovAA.Sprint4.Task4.V6.Test\Tyuiu.DolganovAA.Sprint4.Task4.V6.Test.csproj", "{1ACEFADC-7B88-4772-BF9A-E7A88899CBCE}"
EndProject
Project("{FAE04EC0-301F-11D3-BF4B-00C04F79EFBC}") = "Tyuiu.DolganovAA.Sprint4.Task4.V6", "Tyuiu.DolganovAA.Sprint4.Task4.V6\Tyuiu.DolganovAA.Sprint4.Task4.V6.csproj", "{DED3A733-B22C-45B1-B121-5DFE69DAFD97}"
EndProject
Project("{FAE04EC0-301F-11D3-BF4B-00C04F79EFBC}") = "Tyuiu.DolganovAA.Sprint4.Task4.V6.Lib", "Tyuiu.DolganovAA.Sprint4.Task4.V6.Lib\Tyuiu.DolganovAA.Sprint4.Task4.V6.Lib.csproj", "{A6BE6A29-C819-4203-A2A0-A580DFB51353}"
EndProject
Project("{2150E333-8FDC-42A3-9474-1A3956D46DE8}") = "Task5", "Task5", "{D2BA5D64-3E9F-402F-B9CB-5FC8AB7DA53A}"
EndProject
Project("{FAE04EC0-301F-11D3-BF4B-00C04F79EFBC}") = "Tyuiu.DolganovAA.Sprint4.Task5.V2.Test", "Tyuiu.DolganovAA.Sprint4.Task5.V2.Test\Tyuiu.DolganovAA.Sprint4.Task5.V2.Test.csproj", "{1FEE4694-B379-456D-B4ED-4200810F398B}"
EndProject
Project("{FAE04EC0-301F-11D3-BF4B-00C04F79EFBC}") = "Tyuiu.DolganovAA.Sprint4.Task5.V2", "Tyuiu.DolganovAA.Sprint4.Task5.V2\Tyuiu.DolganovAA.Sprint4.Task5.V2.csproj", "{CF64BF14-3310-4C9D-A133-D614B7FB13EF}"
EndProject
Project("{FAE04EC0-301F-11D3-BF4B-00C04F79EFBC}") = "Tyuiu.DolganovAA.Sprint4.Task5.V2.Lib", "Tyuiu.DolganovAA.Sprint4.Task5.V2.Lib\Tyuiu.DolganovAA.Sprint4.Task5.V2.Lib.csproj", "{525AAD32-687B-48E8-A71B-C640CEB1C8AA}"
EndProject
Project("{2150E333-8FDC-42A3-9474-1A3956D46DE8}") = "Task6", "Task6", "{2C39BDA6-9563-4407-9B77-952C52ECF9B0}"
EndProject
Project("{FAE04EC0-301F-11D3-BF4B-00C04F79EFBC}") = "Tyuiu.DolganovAA.Sprint4.Task6.V2.Lib", "Tyuiu.DolganovAA.Sprint4.Task6.V2.Lib\Tyuiu.DolganovAA.Sprint4.Task6.V2.Lib.csproj", "{F932F382-BEA7-4A97-9A0E-D380AD6A4451}"
EndProject
Project("{FAE04EC0-301F-11D3-BF4B-00C04F79EFBC}") = "Tyuiu.DolganovAA.Sprint4.Task6.V2", "Tyuiu.DolganovAA.Sprint4.Task6.V2\Tyuiu.DolganovAA.Sprint4.Task6.V2.csproj", "{886AF850-609F-4C32-BCDB-8CEBBF32D051}"
EndProject
Project("{FAE04EC0-301F-11D3-BF4B-00C04F79EFBC}") = "Tyuiu.DolganovAA.Sprint4.Task6.V2.Test", "Tyuiu.DolganovAA.Sprint4.Task6.V2.Test\Tyuiu.DolganovAA.Sprint4.Task6.V2.Test.csproj", "{285C805D-3E86-46A3-8438-E2ACE466CBB4}"
EndProject
Global
	GlobalSection(SolutionConfigurationPlatforms) = preSolution
		Debug|Any CPU = Debug|Any CPU
		Release|Any CPU = Release|Any CPU
	EndGlobalSection
	GlobalSection(ProjectConfigurationPlatforms) = postSolution
		{0A1CE560-44C4-40A0-8275-35DC5A3D51AE}.Debug|Any CPU.ActiveCfg = Debug|Any CPU
		{0A1CE560-44C4-40A0-8275-35DC5A3D51AE}.Debug|Any CPU.Build.0 = Debug|Any CPU
		{0A1CE560-44C4-40A0-8275-35DC5A3D51AE}.Release|Any CPU.ActiveCfg = Release|Any CPU
		{0A1CE560-44C4-40A0-8275-35DC5A3D51AE}.Release|Any CPU.Build.0 = Release|Any CPU
		{C7E4C5F2-087F-4269-ACC2-F28682076A8F}.Debug|Any CPU.ActiveCfg = Debug|Any CPU
		{C7E4C5F2-087F-4269-ACC2-F28682076A8F}.Debug|Any CPU.Build.0 = Debug|Any CPU
		{C7E4C5F2-087F-4269-ACC2-F28682076A8F}.Release|Any CPU.ActiveCfg = Release|Any CPU
		{C7E4C5F2-087F-4269-ACC2-F28682076A8F}.Release|Any CPU.Build.0 = Release|Any CPU
		{554D7C57-277A-4A58-8DAA-7F4D71B4B86C}.Debug|Any CPU.ActiveCfg = Debug|Any CPU
		{554D7C57-277A-4A58-8DAA-7F4D71B4B86C}.Debug|Any CPU.Build.0 = Debug|Any CPU
		{554D7C57-277A-4A58-8DAA-7F4D71B4B86C}.Release|Any CPU.ActiveCfg = Release|Any CPU
		{554D7C57-277A-4A58-8DAA-7F4D71B4B86C}.Release|Any CPU.Build.0 = Release|Any CPU
		{E34DED76-D6FA-48E1-8EA6-16B15F051852}.Debug|Any CPU.ActiveCfg = Debug|Any CPU
		{E34DED76-D6FA-48E1-8EA6-16B15F051852}.Debug|Any CPU.Build.0 = Debug|Any CPU
		{E34DED76-D6FA-48E1-8EA6-16B15F051852}.Release|Any CPU.ActiveCfg = Release|Any CPU
		{E34DED76-D6FA-48E1-8EA6-16B15F051852}.Release|Any CPU.Build.0 = Release|Any CPU
		{C07F96D1-9920-4109-B5AA-0D1DBF879145}.Debug|Any CPU.ActiveCfg = Debug|Any CPU
		{C07F96D1-9920-4109-B5AA-0D1DBF879145}.Debug|Any CPU.Build.0 = Debug|Any CPU
		{C07F96D1-9920-4109-B5AA-0D1DBF879145}.Release|Any CPU.ActiveCfg = Release|Any CPU
		{C07F96D1-9920-4109-B5AA-0D1DBF879145}.Release|Any CPU.Build.0 = Release|Any CPU
		{2D25A603-8A71-4560-B1DE-69D5E919730D}.Debug|Any CPU.ActiveCfg = Debug|Any CPU
		{2D25A603-8A71-4560-B1DE-69D5E919730D}.Debug|Any CPU.Build.0 = Debug|Any CPU
		{2D25A603-8A71-4560-B1DE-69D5E919730D}.Release|Any CPU.ActiveCfg = Release|Any CPU
		{2D25A603-8A71-4560-B1DE-69D5E919730D}.Release|Any CPU.Build.0 = Release|Any CPU
		{BD498252-E57D-4707-932A-854649E441A3}.Debug|Any CPU.ActiveCfg = Debug|Any CPU
		{BD498252-E57D-4707-932A-854649E441A3}.Debug|Any CPU.Build.0 = Debug|Any CPU
		{BD498252-E57D-4707-932A-854649E441A3}.Release|Any CPU.ActiveCfg = Release|Any CPU
		{BD498252-E57D-4707-932A-854649E441A3}.Release|Any CPU.Build.0 = Release|Any CPU
		{89D6999C-4FC9-435C-8EB0-0A8E3BAB4349}.Debug|Any CPU.ActiveCfg = Debug|Any CPU
		{89D6999C-4FC9-435C-8EB0-0A8E3BAB4349}.Debug|Any CPU.Build.0 = Debug|Any CPU
		{89D6999C-4FC9-435C-8EB0-0A8E3BAB4349}.Release|Any CPU.ActiveCfg = Release|Any CPU
		{89D6999C-4FC9-435C-8EB0-0A8E3BAB4349}.Release|Any CPU.Build.0 = Release|Any CPU
		{38876C8A-7953-4678-BFAF-AA83E25E4B44}.Debug|Any CPU.ActiveCfg = Debug|Any CPU
		{38876C8A-7953-4678-BFAF-AA83E25E4B44}.Debug|Any CPU.Build.0 = Debug|Any CPU
		{38876C8A-7953-4678-BFAF-AA83E25E4B44}.Release|Any CPU.ActiveCfg = Release|Any CPU
		{38876C8A-7953-4678-BFAF-AA83E25E4B44}.Release|Any CPU.Build.0 = Release|Any CPU
		{BE028209-9E74-497E-8D98-D93060FA330B}.Debug|Any CPU.ActiveCfg = Debug|Any CPU
		{BE028209-9E74-497E-8D98-D93060FA330B}.Debug|Any CPU.Build.0 = Debug|Any CPU
		{BE028209-9E74-497E-8D98-D93060FA330B}.Release|Any CPU.ActiveCfg = Release|Any CPU
		{BE028209-9E74-497E-8D98-D93060FA330B}.Release|Any CPU.Build.0 = Release|Any CPU
		{DB8648D3-DC00-430C-8030-AFE1F2AD416E}.Debug|Any CPU.ActiveCfg = Debug|Any CPU
		{DB8648D3-DC00-430C-8030-AFE1F2AD416E}.Debug|Any CPU.Build.0 = Debug|Any CPU
		{DB8648D3-DC00-430C-8030-AFE1F2AD416E}.Release|Any CPU.ActiveCfg = Release|Any CPU
		{DB8648D3-DC00-430C-8030-AFE1F2AD416E}.Release|Any CPU.Build.0 = Release|Any CPU
		{ADB01507-60C8-4B7D-BBE7-51FD4CE74F46}.Debug|Any CPU.ActiveCfg = Debug|Any CPU
		{ADB01507-60C8-4B7D-BBE7-51FD4CE74F46}.Debug|Any CPU.Build.0 = Debug|Any CPU
		{ADB01507-60C8-4B7D-BBE7-51FD4CE74F46}.Release|Any CPU.ActiveCfg = Release|Any CPU
		{ADB01507-60C8-4B7D-BBE7-51FD4CE74F46}.Release|Any CPU.Build.0 = Release|Any CPU
		{1ACEFADC-7B88-4772-BF9A-E7A88899CBCE}.Debug|Any CPU.ActiveCfg = Debug|Any CPU
		{1ACEFADC-7B88-4772-BF9A-E7A88899CBCE}.Debug|Any CPU.Build.0 = Debug|Any CPU
		{1ACEFADC-7B88-4772-BF9A-E7A88899CBCE}.Release|Any CPU.ActiveCfg = Release|Any CPU
		{1ACEFADC-7B88-4772-BF9A-E7A88899CBCE}.Release|Any CPU.Build.0 = Release|Any CPU
		{DED3A733-B22C-45B1-B121-5DFE69DAFD97}.Debug|Any CPU.ActiveCfg = Debug|Any CPU
		{DED3A733-B22C-45B1-B121-5DFE69DAFD97}.Debug|Any CPU.Build.0 = Debug|Any CPU
		{DED3A733-B22C-45B1-B121-5DFE69DAFD97}.Release|Any CPU.ActiveCfg = Release|Any CPU
		{DED3A733-B22C-45B1-B121-5DFE69DAFD97}.Release|Any CPU.Build.0 = Release|Any CPU
		{A6BE6A29-C819-4203-A2A0-A580DFB51353}.Debug|Any CPU.ActiveCfg = Debug|Any CPU
		{A6BE6A29-C819-4203-A2A0-A580DFB51353}.Debug|Any CPU.Build.0 = Debug|Any CPU
		{A6BE6A29-C819-4203-A2A0-A580DFB51353}.Release|Any CPU.ActiveCfg = Release|Any CPU
		{A6BE6A29-C819-4203-A2A0-A580DFB51353}.Release|Any CPU.Build.0 = Release|Any CPU
		{1FEE4694-B379-456D-B4ED-4200810F398B}.Debug|Any CPU.ActiveCfg = Debug|Any CPU
		{1FEE4694-B379-456D-B4ED-4200810F398B}.Debug|Any CPU.Build.0 = Debug|Any CPU
		{1FEE4694-B379-456D-B4ED-4200810F398B}.Release|Any CPU.ActiveCfg = Release|Any CPU
		{1FEE4694-B379-456D-B4ED-4200810F398B}.Release|Any CPU.Build.0 = Release|Any CPU
		{CF64BF14-3310-4C9D-A133-D614B7FB13EF}.Debug|Any CPU.ActiveCfg = Debug|Any CPU
		{CF64BF14-3310-4C9D-A133-D614B7FB13EF}.Debug|Any CPU.Build.0 = Debug|Any CPU
		{CF64BF14-3310-4C9D-A133-D614B7FB13EF}.Release|Any CPU.ActiveCfg = Release|Any CPU
		{CF64BF14-3310-4C9D-A133-D614B7FB13EF}.Release|Any CPU.Build.0 = Release|Any CPU
		{525AAD32-687B-48E8-A71B-C640CEB1C8AA}.Debug|Any CPU.ActiveCfg = Debug|Any CPU
		{525AAD32-687B-48E8-A71B-C640CEB1C8AA}.Debug|Any CPU.Build.0 = Debug|Any CPU
		{525AAD32-687B-48E8-A71B-C640CEB1C8AA}.Release|Any CPU.ActiveCfg = Release|Any CPU
		{525AAD32-687B-48E8-A71B-C640CEB1C8AA}.Release|Any CPU.Build.0 = Release|Any CPU
		{F932F382-BEA7-4A97-9A0E-D380AD6A4451}.Debug|Any CPU.ActiveCfg = Debug|Any CPU
		{F932F382-BEA7-4A97-9A0E-D380AD6A4451}.Debug|Any CPU.Build.0 = Debug|Any CPU
		{F932F382-BEA7-4A97-9A0E-D380AD6A4451}.Release|Any CPU.ActiveCfg = Release|Any CPU
		{F932F382-BEA7-4A97-9A0E-D380AD6A4451}.Release|Any CPU.Build.0 = Release|Any CPU
		{886AF850-609F-4C32-BCDB-8CEBBF32D051}.Debug|Any CPU.ActiveCfg = Debug|Any CPU
		{886AF850-609F-4C32-BCDB-8CEBBF32D051}.Debug|Any CPU.Build.0 = Debug|Any CPU
		{886AF850-609F-4C32-BCDB-8CEBBF32D051}.Release|Any CPU.ActiveCfg = Release|Any CPU
		{886AF850-609F-4C32-BCDB-8CEBBF32D051}.Release|Any CPU.Build.0 = Release|Any CPU
		{285C805D-3E86-46A3-8438-E2ACE466CBB4}.Debug|Any CPU.ActiveCfg = Debug|Any CPU
		{285C805D-3E86-46A3-8438-E2ACE466CBB4}.Debug|Any CPU.Build.0 = Debug|Any CPU
		{285C805D-3E86-46A3-8438-E2ACE466CBB4}.Release|Any CPU.ActiveCfg = Release|Any CPU
		{285C805D-3E86-46A3-8438-E2ACE466CBB4}.Release|Any CPU.Build.0 = Release|Any CPU
	EndGlobalSection
	GlobalSection(SolutionProperties) = preSolution
		HideSolutionNode = FALSE
	EndGlobalSection
	GlobalSection(NestedProjects) = preSolution
		{0A1CE560-44C4-40A0-8275-35DC5A3D51AE} = {5CA6CA69-34EF-4E8C-86CF-782ADD6C96E7}
		{C7E4C5F2-087F-4269-ACC2-F28682076A8F} = {5CA6CA69-34EF-4E8C-86CF-782ADD6C96E7}
		{554D7C57-277A-4A58-8DAA-7F4D71B4B86C} = {5CA6CA69-34EF-4E8C-86CF-782ADD6C96E7}
		{E34DED76-D6FA-48E1-8EA6-16B15F051852} = {761E855C-8EB7-49B2-B01F-41195CAA7896}
		{C07F96D1-9920-4109-B5AA-0D1DBF879145} = {761E855C-8EB7-49B2-B01F-41195CAA7896}
		{2D25A603-8A71-4560-B1DE-69D5E919730D} = {761E855C-8EB7-49B2-B01F-41195CAA7896}
		{BD498252-E57D-4707-932A-854649E441A3} = {664CF58D-A29B-4FF4-A3C9-DDF3B63C6C1F}
		{89D6999C-4FC9-435C-8EB0-0A8E3BAB4349} = {664CF58D-A29B-4FF4-A3C9-DDF3B63C6C1F}
		{38876C8A-7953-4678-BFAF-AA83E25E4B44} = {664CF58D-A29B-4FF4-A3C9-DDF3B63C6C1F}
		{BE028209-9E74-497E-8D98-D93060FA330B} = {C9E00383-BD95-4F00-A137-5900FD5C28AC}
		{DB8648D3-DC00-430C-8030-AFE1F2AD416E} = {C9E00383-BD95-4F00-A137-5900FD5C28AC}
		{ADB01507-60C8-4B7D-BBE7-51FD4CE74F46} = {C9E00383-BD95-4F00-A137-5900FD5C28AC}
		{1ACEFADC-7B88-4772-BF9A-E7A88899CBCE} = {CCBE528E-ED84-4E77-8B2C-EDEE555F04DC}
		{DED3A733-B22C-45B1-B121-5DFE69DAFD97} = {CCBE528E-ED84-4E77-8B2C-EDEE555F04DC}
		{A6BE6A29-C819-4203-A2A0-A580DFB51353} = {CCBE528E-ED84-4E77-8B2C-EDEE555F04DC}
		{1FEE4694-B379-456D-B4ED-4200810F398B} = {D2BA5D64-3E9F-402F-B9CB-5FC8AB7DA53A}
		{CF64BF14-3310-4C9D-A133-D614B7FB13EF} = {D2BA5D64-3E9F-402F-B9CB-5FC8AB7DA53A}
		{525AAD32-687B-48E8-A71B-C640CEB1C8AA} = {D2BA5D64-3E9F-402F-B9CB-5FC8AB7DA53A}
		{F932F382-BEA7-4A97-9A0E-D380AD6A4451} = {2C39BDA6-9563-4407-9B77-952C52ECF9B0}
		{886AF850-609F-4C32-BCDB-8CEBBF32D051} = {2C39BDA6-9563-4407-9B77-952C52ECF9B0}
		{285C805D-3E86-46A3-8438-E2ACE466CBB4} = {2C39BDA6-9563-4407-9B77-952C52ECF9B0}
	EndGlobalSection
	GlobalSection(ExtensibilityGlobals) = postSolution
		SolutionGuid = {F9503CE3-BD4D-4DE7-A373-675738C973C8}
	EndGlobalSection
EndGlobal
